// !$*UTF8*$!
{
	archiveVersion = 1;
	classes = {
	};
	objectVersion = 46;
	objects = {

/* Begin PBXBuildFile section */
		88C8A7BA1ECA81AF006F1020 /* AppDelegate.swift in Sources */ = {isa = PBXBuildFile; fileRef = 88C8A7B91ECA81AF006F1020 /* AppDelegate.swift */; };
		88C8A7BC1ECA81AF006F1020 /* ViewController.swift in Sources */ = {isa = PBXBuildFile; fileRef = 88C8A7BB1ECA81AF006F1020 /* ViewController.swift */; };
		88C8A7BF1ECA81AF006F1020 /* Main.storyboard in Resources */ = {isa = PBXBuildFile; fileRef = 88C8A7BD1ECA81AF006F1020 /* Main.storyboard */; };
		88C8A7C11ECA81AF006F1020 /* Assets.xcassets in Resources */ = {isa = PBXBuildFile; fileRef = 88C8A7C01ECA81AF006F1020 /* Assets.xcassets */; };
		88C8A7C41ECA81AF006F1020 /* LaunchScreen.storyboard in Resources */ = {isa = PBXBuildFile; fileRef = 88C8A7C21ECA81AF006F1020 /* LaunchScreen.storyboard */; };
/* End PBXBuildFile section */

/* Begin PBXFileReference section */
		88C8A7B61ECA81AF006F1020 /* vkclient.app */ = {isa = PBXFileReference; explicitFileType = wrapper.application; includeInIndex = 0; path = vkclient.app; sourceTree = BUILT_PRODUCTS_DIR; };
		88C8A7B91ECA81AF006F1020 /* AppDelegate.swift */ = {isa = PBXFileReference; lastKnownFileType = sourcecode.swift; path = AppDelegate.swift; sourceTree = "<group>"; };
		88C8A7BB1ECA81AF006F1020 /* ViewController.swift */ = {isa = PBXFileReference; lastKnownFileType = sourcecode.swift; path = ViewController.swift; sourceTree = "<group>"; };
		88C8A7BE1ECA81AF006F1020 /* Base */ = {isa = PBXFileReference; lastKnownFileType = file.storyboard; name = Base; path = Base.lproj/Main.storyboard; sourceTree = "<group>"; };
		88C8A7C01ECA81AF006F1020 /* Assets.xcassets */ = {isa = PBXFileReference; lastKnownFileType = folder.assetcatalog; path = Assets.xcassets; sourceTree = "<group>"; };
		88C8A7C31ECA81AF006F1020 /* Base */ = {isa = PBXFileReference; lastKnownFileType = file.storyboard; name = Base; path = Base.lproj/LaunchScreen.storyboard; sourceTree = "<group>"; };
		88C8A7C51ECA81AF006F1020 /* Info.plist */ = {isa = PBXFileReference; lastKnownFileType = text.plist.xml; path = Info.plist; sourceTree = "<group>"; };
/* End PBXFileReference section */

/* Begin PBXFrameworksBuildPhase section */
		88C8A7B31ECA81AF006F1020 /* Frameworks */ = {
			isa = PBXFrameworksBuildPhase;
			buildActionMask = 2147483647;
			files = (
			);
			runOnlyForDeploymentPostprocessing = 0;
		};
/* End PBXFrameworksBuildPhase section */

/* Begin PBXGroup section */
		88C8A7AD1ECA81AF006F1020 = {
			isa = PBXGroup;
			children = (
				88C8A7B81ECA81AF006F1020 /* vkclient */,
				88C8A7B71ECA81AF006F1020 /* Products */,
			);
			sourceTree = "<group>";
		};
		88C8A7B71ECA81AF006F1020 /* Products */ = {
			isa = PBXGroup;
			children = (
				88C8A7B61ECA81AF006F1020 /* vkclient.app */,
			);
			name = Products;
			sourceTree = "<group>";
		};
		88C8A7B81ECA81AF006F1020 /* vkclient */ = {
			isa = PBXGroup;
			children = (
				88C8A7B91ECA81AF006F1020 /* AppDelegate.swift */,
				88C8A7BB1ECA81AF006F1020 /* ViewController.swift */,
				88C8A7BD1ECA81AF006F1020 /* Main.storyboard */,
				88C8A7C01ECA81AF006F1020 /* Assets.xcassets */,
				88C8A7C21ECA81AF006F1020 /* LaunchScreen.storyboard */,
				88C8A7C51ECA81AF006F1020 /* Info.plist */,
			);
			path = vkclient;
			sourceTree = "<group>";
		};
/* End PBXGroup section */

/* Begin PBXNativeTarget section */
		88C8A7B51ECA81AF006F1020 /* vkclient */ = {
			isa = PBXNativeTarget;
			buildConfigurationList = 88C8A7C81ECA81AF006F1020 /* Build configuration list for PBXNativeTarget "vkclient" */;
			buildPhases = (
				88C8A7B21ECA81AF006F1020 /* Sources */,
				88C8A7B31ECA81AF006F1020 /* Frameworks */,
				88C8A7B41ECA81AF006F1020 /* Resources */,
			);
			buildRules = (
			);
			dependencies = (
			);
			name = vkclient;
			productName = vkclient;
			productReference = 88C8A7B61ECA81AF006F1020 /* vkclient.app */;
			productType = "com.apple.product-type.application";
		};
/* End PBXNativeTarget section */

/* Begin PBXProject section */
		88C8A7AE1ECA81AF006F1020 /* Project object */ = {
			isa = PBXProject;
			attributes = {
				LastSwiftUpdateCheck = 0830;
				LastUpgradeCheck = 0830;
				ORGANIZATIONNAME = DT;
				TargetAttributes = {
					88C8A7B51ECA81AF006F1020 = {
						CreatedOnToolsVersion = 8.3.2;
						DevelopmentTeam = KTEEK922X7;
						ProvisioningStyle = Automatic;
					};
				};
			};
			buildConfigurationList = 88C8A7B11ECA81AF006F1020 /* Build configuration list for PBXProject "vkclient" */;
			compatibilityVersion = "Xcode 3.2";
			developmentRegion = English;
			hasScannedForEncodings = 0;
			knownRegions = (
				en,
				Base,
			);
			mainGroup = 88C8A7AD1ECA81AF006F1020;
			productRefGroup = 88C8A7B71ECA81AF006F1020 /* Products */;
			projectDirPath = "";
			projectRoot = "";
			targets = (
				88C8A7B51ECA81AF006F1020 /* vkclient */,
			);
		};
/* End PBXProject section */

/* Begin PBXResourcesBuildPhase section */
		88C8A7B41ECA81AF006F1020 /* Resources */ = {
			isa = PBXResourcesBuildPhase;
			buildActionMask = 2147483647;
			files = (
				88C8A7C41ECA81AF006F1020 /* LaunchScreen.storyboard in Resources */,
				88C8A7C11ECA81AF006F1020 /* Assets.xcassets in Resources */,
				88C8A7BF1ECA81AF006F1020 /* Main.storyboard in Resources */,
			);
			runOnlyForDeploymentPostprocessing = 0;
		};
/* End PBXResourcesBuildPhase section */

/* Begin PBXSourcesBuildPhase section */
		88C8A7B21ECA81AF006F1020 /* Sources */ = {
			isa = PBXSourcesBuildPhase;
			buildActionMask = 2147483647;
			files = (
				88C8A7BC1ECA81AF006F1020 /* ViewController.swift in Sources */,
				88C8A7BA1ECA81AF006F1020 /* AppDelegate.swift in Sources */,
			);
			runOnlyForDeploymentPostprocessing = 0;
		};
/* End PBXSourcesBuildPhase section */

/* Begin PBXVariantGroup section */
		88C8A7BD1ECA81AF006F1020 /* Main.storyboard */ = {
			isa = PBXVariantGroup;
			children = (
				88C8A7BE1ECA81AF006F1020 /* Base */,
			);
			name = Main.storyboard;
			sourceTree = "<group>";
		};
		88C8A7C21ECA81AF006F1020 /* LaunchScreen.storyboard */ = {
			isa = PBXVariantGroup;
			children = (
				88C8A7C31ECA81AF006F1020 /* Base */,
			);
			name = LaunchScreen.storyboard;
			sourceTree = "<group>";
		};
/* End PBXVariantGroup section */

/* Begin XCBuildConfiguration section */
		88C8A7C61ECA81AF006F1020 /* Debug */ = {
			isa = XCBuildConfiguration;
			buildSettings = {
				ALWAYS_SEARCH_USER_PATHS = NO;
				CLANG_ANALYZER_NONNULL = YES;
				CLANG_ANALYZER_NUMBER_OBJECT_CONVERSION = YES_AGGRESSIVE;
				CLANG_CXX_LANGUAGE_STANDARD = "gnu++0x";
				CLANG_CXX_LIBRARY = "libc++";
				CLANG_ENABLE_MODULES = YES;
				CLANG_ENABLE_OBJC_ARC = YES;
				CLANG_WARN_BOOL_CONVERSION = YES;
				CLANG_WARN_CONSTANT_CONVERSION = YES;
				CLANG_WARN_DIRECT_OBJC_ISA_USAGE = YES_ERROR;
				CLANG_WARN_DOCUMENTATION_COMMENTS = YES;
				CLANG_WARN_EMPTY_BODY = YES;
				CLANG_WARN_ENUM_CONVERSION = YES;
				CLANG_WARN_INFINITE_RECURSION = YES;
				CLANG_WARN_INT_CONVERSION = YES;
				CLANG_WARN_OBJC_ROOT_CLASS = YES_ERROR;
				CLANG_WARN_SUSPICIOUS_MOVE = YES;
				CLANG_WARN_UNREACHABLE_CODE = YES;
				CLANG_WARN__DUPLICATE_METHOD_MATCH = YES;
				"CODE_SIGN_IDENTITY[sdk=iphoneos*]" = "iPhone Developer";
				COPY_PHASE_STRIP = NO;
				DEBUG_INFORMATION_FORMAT = dwarf;
				ENABLE_STRICT_OBJC_MSGSEND = YES;
				ENABLE_TESTABILITY = YES;
				GCC_C_LANGUAGE_STANDARD = gnu99;
				GCC_DYNAMIC_NO_PIC = NO;
				GCC_NO_COMMON_BLOCKS = YES;
				GCC_OPTIMIZATION_LEVEL = 0;
				GCC_PREPROCESSOR_DEFINITIONS = (
					"DEBUG=1",
					"$(inherited)",
				);
				GCC_WARN_64_TO_32_BIT_CONVERSION = YES;
				GCC_WARN_ABOUT_RETURN_TYPE = YES_ERROR;
				GCC_WARN_UNDECLARED_SELECTOR = YES;
				GCC_WARN_UNINITIALIZED_AUTOS = YES_AGGRESSIVE;
				GCC_WARN_UNUSED_FUNCTION = YES;
				GCC_WARN_UNUSED_VARIABLE = YES;
				IPHONEOS_DEPLOYMENT_TARGET = 10.3;
				MTL_ENABLE_DEBUG_INFO = YES;
				ONLY_ACTIVE_ARCH = YES;
				SDKROOT = iphoneos;
				SWIFT_ACTIVE_COMPILATION_CONDITIONS = DEBUG;
				SWIFT_OPTIMIZATION_LEVEL = "-Onone";
			};
			name = Debug;
		};
		88C8A7C71ECA81AF006F1020 /* Release */ = {
			isa = XCBuildConfiguration;
			buildSettings = {
				ALWAYS_SEARCH_USER_PATHS = NO;
				CLANG_ANALYZER_NONNULL = YES;
				CLANG_ANALYZER_NUMBER_OBJECT_CONVERSION = YES_AGGRESSIVE;
				CLANG_CXX_LANGUAGE_STANDARD = "gnu++0x";
				CLANG_CXX_LIBRARY = "libc++";
				CLANG_ENABLE_MODULES = YES;
				CLANG_ENABLE_OBJC_ARC = YES;
				CLANG_WARN_BOOL_CONVERSION = YES;
				CLANG_WARN_CONSTANT_CONVERSION = YES;
				CLANG_WARN_DIRECT_OBJC_ISA_USAGE = YES_ERROR;
				CLANG_WARN_DOCUMENTATION_COMMENTS = YES;
				CLANG_WARN_EMPTY_BODY = YES;
				CLANG_WARN_ENUM_CONVERSION = YES;
				CLANG_WARN_INFINITE_RECURSION = YES;
				CLANG_WARN_INT_CONVERSION = YES;
				CLANG_WARN_OBJC_ROOT_CLASS = YES_ERROR;
				CLANG_WARN_SUSPICIOUS_MOVE = YES;
				CLANG_WARN_UNREACHABLE_CODE = YES;
				CLANG_WARN__DUPLICATE_METHOD_MATCH = YES;
				"CODE_SIGN_IDENTITY[sdk=iphoneos*]" = "iPhone Developer";
				COPY_PHASE_STRIP = NO;
				DEBUG_INFORMATION_FORMAT = "dwarf-with-dsym";
				ENABLE_NS_ASSERTIONS = NO;
				ENABLE_STRICT_OBJC_MSGSEND = YES;
				GCC_C_LANGUAGE_STANDARD = gnu99;
				GCC_NO_COMMON_BLOCKS = YES;
				GCC_WARN_64_TO_32_BIT_CONVERSION = YES;
				GCC_WARN_ABOUT_RETURN_TYPE = YES_ERROR;
				GCC_WARN_UNDECLARED_SELECTOR = YES;
				GCC_WARN_UNINITIALIZED_AUTOS = YES_AGGRESSIVE;
				GCC_WARN_UNUSED_FUNCTION = YES;
				GCC_WARN_UNUSED_VARIABLE = YES;
				IPHONEOS_DEPLOYMENT_TARGET = 10.3;
				MTL_ENABLE_DEBUG_INFO = NO;
				SDKROOT = iphoneos;
				SWIFT_OPTIMIZATION_LEVEL = "-Owholemodule";
				VALIDATE_PRODUCT = YES;
			};
			name = Release;
		};
		88C8A7C91ECA81AF006F1020 /* Debug */ = {
			isa = XCBuildConfiguration;
			buildSettings = {
				ASSETCATALOG_COMPILER_APPICON_NAME = AppIcon;
				DEVELOPMENT_TEAM = KTEEK922X7;
				INFOPLIST_FILE = vkclient/Info.plist;
				IPHONEOS_DEPLOYMENT_TARGET = 10.0;
				LD_RUNPATH_SEARCH_PATHS = "$(inherited) @executable_path/Frameworks";
				PRODUCT_BUNDLE_IDENTIFIER = au.com.dt.vkclient;
				PRODUCT_NAME = "$(TARGET_NAME)";
				SWIFT_VERSION = 3.0;
			};
			name = Debug;
		};
		88C8A7CA1ECA81AF006F1020 /* Release */ = {
			isa = XCBuildConfiguration;
			buildSettings = {
				ASSETCATALOG_COMPILER_APPICON_NAME = AppIcon;
				DEVELOPMENT_TEAM = KTEEK922X7;
				INFOPLIST_FILE = vkclient/Info.plist;
				IPHONEOS_DEPLOYMENT_TARGET = 10.0;
				LD_RUNPATH_SEARCH_PATHS = "$(inherited) @executable_path/Frameworks";
				PRODUCT_BUNDLE_IDENTIFIER = au.com.dt.vkclient;
				PRODUCT_NAME = "$(TARGET_NAME)";
				SWIFT_VERSION = 3.0;
			};
			name = Release;
		};
/* End XCBuildConfiguration section */

/* Begin XCConfigurationList section */
		88C8A7B11ECA81AF006F1020 /* Build configuration list for PBXProject "vkclient" */ = {
			isa = XCConfigurationList;
			buildConfigurations = (
				88C8A7C61ECA81AF006F1020 /* Debug */,
				88C8A7C71ECA81AF006F1020 /* Release */,
			);
			defaultConfigurationIsVisible = 0;
			defaultConfigurationName = Release;
		};
		88C8A7C81ECA81AF006F1020 /* Build configuration list for PBXNativeTarget "vkclient" */ = {
			isa = XCConfigurationList;
			buildConfigurations = (
				88C8A7C91ECA81AF006F1020 /* Debug */,
				88C8A7CA1ECA81AF006F1020 /* Release */,
			);
			defaultConfigurationIsVisible = 0;
		};
/* End XCConfigurationList section */
	};
	rootObject = 88C8A7AE1ECA81AF006F1020 /* Project object */;
}
